
Microsoft Visual Studio Solution File, Format Version 12.00
# Visual Studio Version 17
VisualStudioVersion = 17.0.32014.148
MinimumVisualStudioVersion = 10.0.40219.1
Project("{FAE04EC0-301F-11D3-BF4B-00C04F79EFBC}") = "Glory Old Flag 2.0", "Glory Old Flag 2.0\Glory Old Flag 2.0.csproj", "{002C0E78-1CC4-4A9D-BEC7-A70C1B905848}"
EndProject
Global
	GlobalSection(SolutionConfigurationPlatforms) = preSolution
		Debug|Any CPU = Debug|Any CPU
		Release|Any CPU = Release|Any CPU
	EndGlobalSection
	GlobalSection(ProjectConfigurationPlatforms) = postSolution
		{002C0E78-1CC4-4A9D-BEC7-A70C1B905848}.Debug|Any CPU.ActiveCfg = Debug|Any CPU
		{002C0E78-1CC4-4A9D-BEC7-A70C1B905848}.Debug|Any CPU.Build.0 = Debug|Any CPU
		{002C0E78-1CC4-4A9D-BEC7-A70C1B905848}.Release|Any CPU.ActiveCfg = Release|Any CPU
		{002C0E78-1CC4-4A9D-BEC7-A70C1B905848}.Release|Any CPU.Build.0 = Release|Any CPU
	EndGlobalSection
	GlobalSection(SolutionProperties) = preSolution
		HideSolutionNode = FALSE
	EndGlobalSection
	GlobalSection(ExtensibilityGlobals) = postSolution
		SolutionGuid = {576AD5DC-A1DF-4EC3-882A-E4FDCDCF468F}
	EndGlobalSection
EndGlobal
